
Microsoft Visual Studio Solution File, Format Version 12.00
# Visual Studio Version 17
VisualStudioVersion = 17.14.36212.18 d17.14
MinimumVisualStudioVersion = 10.0.40219.1
Project("{FAE04EC0-301F-11D3-BF4B-00C04F79EFBC}") = "Ugyfelek", "Ugyfelek\Ugyfelek.csproj", "{6BF72FB7-3F21-4068-A6B2-160089F28A9A}"
EndProject
Global
	GlobalSection(SolutionConfigurationPlatforms) = preSolution
		Debug|Any CPU = Debug|Any CPU
		Release|Any CPU = Release|Any CPU
	EndGlobalSection
	GlobalSection(ProjectConfigurationPlatforms) = postSolution
		{6BF72FB7-3F21-4068-A6B2-160089F28A9A}.Debug|Any CPU.ActiveCfg = Debug|Any CPU
		{6BF72FB7-3F21-4068-A6B2-160089F28A9A}.Debug|Any CPU.Build.0 = Debug|Any CPU
		{6BF72FB7-3F21-4068-A6B2-160089F28A9A}.Release|Any CPU.ActiveCfg = Release|Any CPU
		{6BF72FB7-3F21-4068-A6B2-160089F28A9A}.Release|Any CPU.Build.0 = Release|Any CPU
	EndGlobalSection
	GlobalSection(SolutionProperties) = preSolution
		HideSolutionNode = FALSE
	EndGlobalSection
	GlobalSection(ExtensibilityGlobals) = postSolution
		SolutionGuid = {743B0D46-F4A2-4D23-8223-C50B760BCC1C}
	EndGlobalSection
EndGlobal
